
Microsoft Visual Studio Solution File, Format Version 12.00
# Visual Studio Version 17
VisualStudioVersion = 17.5.002.0
MinimumVisualStudioVersion = 10.0.40219.1
Project("{9A19103F-16F7-4668-BE54-9A1E7A4F7556}") = "mis-221-pa6-jmsimpson7-UA", "mis-221-pa6-jmsimpson7-UA.csproj", "{30052520-C703-4323-A432-95D1D6DAF9C0}"
EndProject
Global
	GlobalSection(SolutionConfigurationPlatforms) = preSolution
		Debug|Any CPU = Debug|Any CPU
		Release|Any CPU = Release|Any CPU
	EndGlobalSection
	GlobalSection(ProjectConfigurationPlatforms) = postSolution
		{30052520-C703-4323-A432-95D1D6DAF9C0}.Debug|Any CPU.ActiveCfg = Debug|Any CPU
		{30052520-C703-4323-A432-95D1D6DAF9C0}.Debug|Any CPU.Build.0 = Debug|Any CPU
		{30052520-C703-4323-A432-95D1D6DAF9C0}.Release|Any CPU.ActiveCfg = Release|Any CPU
		{30052520-C703-4323-A432-95D1D6DAF9C0}.Release|Any CPU.Build.0 = Release|Any CPU
	EndGlobalSection
	GlobalSection(SolutionProperties) = preSolution
		HideSolutionNode = FALSE
	EndGlobalSection
	GlobalSection(ExtensibilityGlobals) = postSolution
		SolutionGuid = {07B5A18D-A230-4C8F-8126-BE0B8D4EAFA0}
	EndGlobalSection
EndGlobal
